
Microsoft Visual Studio Solution File, Format Version 12.00
# Visual Studio Version 16
VisualStudioVersion = 16.0.28803.352
MinimumVisualStudioVersion = 10.0.40219.1
Project("{FAE04EC0-301F-11D3-BF4B-00C04F79EFBC}") = "ProjetoBolao", "ProjetoBolao\ProjetoBolao.csproj", "{543C1741-AFC5-4154-A4B9-47E53DA64E84}"
EndProject
Global
	GlobalSection(SolutionConfigurationPlatforms) = preSolution
		Debug|Any CPU = Debug|Any CPU
		Release|Any CPU = Release|Any CPU
	EndGlobalSection
	GlobalSection(ProjectConfigurationPlatforms) = postSolution
		{543C1741-AFC5-4154-A4B9-47E53DA64E84}.Debug|Any CPU.ActiveCfg = Debug|Any CPU
		{543C1741-AFC5-4154-A4B9-47E53DA64E84}.Debug|Any CPU.Build.0 = Debug|Any CPU
		{543C1741-AFC5-4154-A4B9-47E53DA64E84}.Release|Any CPU.ActiveCfg = Release|Any CPU
		{543C1741-AFC5-4154-A4B9-47E53DA64E84}.Release|Any CPU.Build.0 = Release|Any CPU
	EndGlobalSection
	GlobalSection(SolutionProperties) = preSolution
		HideSolutionNode = FALSE
	EndGlobalSection
	GlobalSection(ExtensibilityGlobals) = postSolution
		SolutionGuid = {7B1EDDF5-4C23-43C3-9F9F-F691D3392763}
	EndGlobalSection
EndGlobal
